
Microsoft Visual Studio Solution File, Format Version 12.00
# Visual Studio 2013
VisualStudioVersion = 12.0.31101.0
MinimumVisualStudioVersion = 10.0.40219.1
Project("{FAE04EC0-301F-11D3-BF4B-00C04F79EFBC}") = "archis3-xml2csv", "xml2db\archis3-xml2csv.csproj", "{B6ADF2FD-A09E-4AD7-89FD-48E96831674B}"
EndProject
Global
	GlobalSection(SolutionConfigurationPlatforms) = preSolution
		Debug|Any CPU = Debug|Any CPU
		Release|Any CPU = Release|Any CPU
	EndGlobalSection
	GlobalSection(ProjectConfigurationPlatforms) = postSolution
		{B6ADF2FD-A09E-4AD7-89FD-48E96831674B}.Debug|Any CPU.ActiveCfg = Debug|Any CPU
		{B6ADF2FD-A09E-4AD7-89FD-48E96831674B}.Debug|Any CPU.Build.0 = Debug|Any CPU
		{B6ADF2FD-A09E-4AD7-89FD-48E96831674B}.Release|Any CPU.ActiveCfg = Release|Any CPU
		{B6ADF2FD-A09E-4AD7-89FD-48E96831674B}.Release|Any CPU.Build.0 = Release|Any CPU
	EndGlobalSection
	GlobalSection(SolutionProperties) = preSolution
		HideSolutionNode = FALSE
	EndGlobalSection
EndGlobal
